
Microsoft Visual Studio Solution File, Format Version 12.00
# Visual Studio 2013
VisualStudioVersion = 12.0.30110.0
MinimumVisualStudioVersion = 10.0.40219.1
Project("{FAE04EC0-301F-11D3-BF4B-00C04F79EFBC}") = "JustEat.ZendeskApi.Client", "src\JustEat.ZendeskApi.Client\JustEat.ZendeskApi.Client.csproj", "{710E1917-AC01-4877-9683-AF47A7DBDF84}"
EndProject
Project("{FAE04EC0-301F-11D3-BF4B-00C04F79EFBC}") = "JustEat.ZendeskApi.Client.Tests", "src\JustEat.ZendeskApi.Client.Tests\JustEat.ZendeskApi.Client.Tests.csproj", "{182231A6-213B-4F9B-851D-ED5B7E6DA53D}"
EndProject
Project("{FAE04EC0-301F-11D3-BF4B-00C04F79EFBC}") = "JustEat.ZendeskApi.Contracts", "src\JustEat.ZendeskApi.Contracts\JustEat.ZendeskApi.Contracts.csproj", "{BEA9E134-91FF-40D6-9B5D-BD57006DBBC6}"
EndProject
Project("{2150E333-8FDC-42A3-9474-1A3956D46DE8}") = ".nuget", ".nuget", "{D2DBD863-1F05-46B6-BD9D-35AD66A3F9F9}"
	ProjectSection(SolutionItems) = preProject
		.nuget\NuGet.Config = .nuget\NuGet.Config
		.nuget\NuGet.exe = .nuget\NuGet.exe
		.nuget\NuGet.targets = .nuget\NuGet.targets
	EndProjectSection
EndProject
Project("{FAE04EC0-301F-11D3-BF4B-00C04F79EFBC}") = "JustEat.ZendeskApi.Contracts.Tests", "src\JustEat.ZendeskApi.Contracts.Tests\JustEat.ZendeskApi.Contracts.Tests.csproj", "{C53ACF17-3DCD-4A21-B22A-1A8CA47FD85B}"
EndProject
Project("{2150E333-8FDC-42A3-9474-1A3956D46DE8}") = "AcceptanceTests", "AcceptanceTests", "{E1E8E158-EFFE-40B4-96F8-8C2083ED1C88}"
EndProject
Project("{FAE04EC0-301F-11D3-BF4B-00C04F79EFBC}") = "JustEat.ZendeskApi.Acceptance", "src\JustEat.ZendeskApi.Acceptance\JustEat.ZendeskApi.Acceptance.csproj", "{CDA8A5A6-461A-48C5-865F-812CF7275407}"
EndProject
Global
	GlobalSection(SolutionConfigurationPlatforms) = preSolution
		Debug|Any CPU = Debug|Any CPU
		Release 4.5|Any CPU = Release 4.5|Any CPU
		Release|Any CPU = Release|Any CPU
	EndGlobalSection
	GlobalSection(ProjectConfigurationPlatforms) = postSolution
		{710E1917-AC01-4877-9683-AF47A7DBDF84}.Debug|Any CPU.ActiveCfg = Debug|Any CPU
		{710E1917-AC01-4877-9683-AF47A7DBDF84}.Debug|Any CPU.Build.0 = Debug|Any CPU
		{710E1917-AC01-4877-9683-AF47A7DBDF84}.Release 4.5|Any CPU.ActiveCfg = Release 4.5|Any CPU
		{710E1917-AC01-4877-9683-AF47A7DBDF84}.Release 4.5|Any CPU.Build.0 = Release 4.5|Any CPU
		{710E1917-AC01-4877-9683-AF47A7DBDF84}.Release|Any CPU.ActiveCfg = Release 4.5|Any CPU
		{710E1917-AC01-4877-9683-AF47A7DBDF84}.Release|Any CPU.Build.0 = Release 4.5|Any CPU
		{182231A6-213B-4F9B-851D-ED5B7E6DA53D}.Debug|Any CPU.ActiveCfg = Debug|Any CPU
		{182231A6-213B-4F9B-851D-ED5B7E6DA53D}.Debug|Any CPU.Build.0 = Debug|Any CPU
		{182231A6-213B-4F9B-851D-ED5B7E6DA53D}.Release 4.5|Any CPU.ActiveCfg = Release 4.5|Any CPU
		{182231A6-213B-4F9B-851D-ED5B7E6DA53D}.Release 4.5|Any CPU.Build.0 = Release 4.5|Any CPU
		{182231A6-213B-4F9B-851D-ED5B7E6DA53D}.Release|Any CPU.ActiveCfg = Release|Any CPU
		{182231A6-213B-4F9B-851D-ED5B7E6DA53D}.Release|Any CPU.Build.0 = Release|Any CPU
		{BEA9E134-91FF-40D6-9B5D-BD57006DBBC6}.Debug|Any CPU.ActiveCfg = Debug|Any CPU
		{BEA9E134-91FF-40D6-9B5D-BD57006DBBC6}.Debug|Any CPU.Build.0 = Debug|Any CPU
		{BEA9E134-91FF-40D6-9B5D-BD57006DBBC6}.Release 4.5|Any CPU.ActiveCfg = Release 4.5|Any CPU
		{BEA9E134-91FF-40D6-9B5D-BD57006DBBC6}.Release 4.5|Any CPU.Build.0 = Release 4.5|Any CPU
		{BEA9E134-91FF-40D6-9B5D-BD57006DBBC6}.Release|Any CPU.ActiveCfg = Release|Any CPU
		{BEA9E134-91FF-40D6-9B5D-BD57006DBBC6}.Release|Any CPU.Build.0 = Release|Any CPU
		{C53ACF17-3DCD-4A21-B22A-1A8CA47FD85B}.Debug|Any CPU.ActiveCfg = Debug|Any CPU
		{C53ACF17-3DCD-4A21-B22A-1A8CA47FD85B}.Debug|Any CPU.Build.0 = Debug|Any CPU
		{C53ACF17-3DCD-4A21-B22A-1A8CA47FD85B}.Release 4.5|Any CPU.ActiveCfg = Release|Any CPU
		{C53ACF17-3DCD-4A21-B22A-1A8CA47FD85B}.Release 4.5|Any CPU.Build.0 = Release|Any CPU
		{C53ACF17-3DCD-4A21-B22A-1A8CA47FD85B}.Release|Any CPU.ActiveCfg = Release|Any CPU
		{C53ACF17-3DCD-4A21-B22A-1A8CA47FD85B}.Release|Any CPU.Build.0 = Release|Any CPU
		{CDA8A5A6-461A-48C5-865F-812CF7275407}.Debug|Any CPU.ActiveCfg = Debug|Any CPU
		{CDA8A5A6-461A-48C5-865F-812CF7275407}.Debug|Any CPU.Build.0 = Debug|Any CPU
		{CDA8A5A6-461A-48C5-865F-812CF7275407}.Release 4.5|Any CPU.ActiveCfg = Release|Any CPU
		{CDA8A5A6-461A-48C5-865F-812CF7275407}.Release 4.5|Any CPU.Build.0 = Release|Any CPU
		{CDA8A5A6-461A-48C5-865F-812CF7275407}.Release|Any CPU.ActiveCfg = Release|Any CPU
		{CDA8A5A6-461A-48C5-865F-812CF7275407}.Release|Any CPU.Build.0 = Release|Any CPU
	EndGlobalSection
	GlobalSection(SolutionProperties) = preSolution
		HideSolutionNode = FALSE
	EndGlobalSection
	GlobalSection(NestedProjects) = preSolution
		{CDA8A5A6-461A-48C5-865F-812CF7275407} = {E1E8E158-EFFE-40B4-96F8-8C2083ED1C88}
	EndGlobalSection
EndGlobal
