
Microsoft Visual Studio Solution File, Format Version 12.00
# Visual Studio 15
VisualStudioVersion = 15.0.26430.12
MinimumVisualStudioVersion = 10.0.40219.1
Project("{FAE04EC0-301F-11D3-BF4B-00C04F79EFBC}") = "ZendeskApi.Contracts", "src\ZendeskApi.Contracts\ZendeskApi.Contracts.csproj", "{BEA9E134-91FF-40D6-9B5D-BD57006DBBC6}"
EndProject
Project("{FAE04EC0-301F-11D3-BF4B-00C04F79EFBC}") = "ZendeskApi.Client.Tests", "src\ZendeskApi.Client.Tests\ZendeskApi.Client.Tests.csproj", "{182231A6-213B-4F9B-851D-ED5B7E6DA53D}"
EndProject
Project("{FAE04EC0-301F-11D3-BF4B-00C04F79EFBC}") = "ZendeskApi.Contracts.Tests", "src\ZendeskApi.Contracts.Tests\ZendeskApi.Contracts.Tests.csproj", "{C53ACF17-3DCD-4A21-B22A-1A8CA47FD85B}"
EndProject
Project("{FAE04EC0-301F-11D3-BF4B-00C04F79EFBC}") = "ZendeskApi.Client", "src\ZendeskApi.Client\ZendeskApi.Client.csproj", "{710E1917-AC01-4877-9683-AF47A7DBDF84}"
EndProject
Global
	GlobalSection(SolutionConfigurationPlatforms) = preSolution
		Debug|Any CPU = Debug|Any CPU
		Release|Any CPU = Release|Any CPU
	EndGlobalSection
	GlobalSection(ProjectConfigurationPlatforms) = postSolution
		{BEA9E134-91FF-40D6-9B5D-BD57006DBBC6}.Debug|Any CPU.ActiveCfg = Debug|Any CPU
		{BEA9E134-91FF-40D6-9B5D-BD57006DBBC6}.Debug|Any CPU.Build.0 = Debug|Any CPU
		{BEA9E134-91FF-40D6-9B5D-BD57006DBBC6}.Release|Any CPU.ActiveCfg = Release|Any CPU
		{BEA9E134-91FF-40D6-9B5D-BD57006DBBC6}.Release|Any CPU.Build.0 = Release|Any CPU
		{182231A6-213B-4F9B-851D-ED5B7E6DA53D}.Debug|Any CPU.ActiveCfg = Debug|Any CPU
		{182231A6-213B-4F9B-851D-ED5B7E6DA53D}.Debug|Any CPU.Build.0 = Debug|Any CPU
		{182231A6-213B-4F9B-851D-ED5B7E6DA53D}.Release|Any CPU.ActiveCfg = Release|Any CPU
		{182231A6-213B-4F9B-851D-ED5B7E6DA53D}.Release|Any CPU.Build.0 = Release|Any CPU
		{C53ACF17-3DCD-4A21-B22A-1A8CA47FD85B}.Debug|Any CPU.ActiveCfg = Debug|Any CPU
		{C53ACF17-3DCD-4A21-B22A-1A8CA47FD85B}.Debug|Any CPU.Build.0 = Debug|Any CPU
		{C53ACF17-3DCD-4A21-B22A-1A8CA47FD85B}.Release|Any CPU.ActiveCfg = Release|Any CPU
		{C53ACF17-3DCD-4A21-B22A-1A8CA47FD85B}.Release|Any CPU.Build.0 = Release|Any CPU
		{710E1917-AC01-4877-9683-AF47A7DBDF84}.Debug|Any CPU.ActiveCfg = Debug|Any CPU
		{710E1917-AC01-4877-9683-AF47A7DBDF84}.Debug|Any CPU.Build.0 = Debug|Any CPU
		{710E1917-AC01-4877-9683-AF47A7DBDF84}.Release|Any CPU.ActiveCfg = Release|Any CPU
		{710E1917-AC01-4877-9683-AF47A7DBDF84}.Release|Any CPU.Build.0 = Release|Any CPU
	EndGlobalSection
	GlobalSection(SolutionProperties) = preSolution
		HideSolutionNode = FALSE
	EndGlobalSection
EndGlobal
